
Microsoft Visual Studio Solution File, Format Version 12.00
# Visual Studio Version 17
VisualStudioVersion = 17.1.32210.238
MinimumVisualStudioVersion = 10.0.40219.1
Project("{9A19103F-16F7-4668-BE54-9A1E7A4F7556}") = "Starwatch", "Starwatch\Starwatch.csproj", "{DB510F70-84E8-420B-8C5F-1AE33C9942DD}"
EndProject
Project("{9A19103F-16F7-4668-BE54-9A1E7A4F7556}") = "Starwatch.Core", "Starwatch.Core\Starwatch.Core.csproj", "{58FCB696-1DE3-421F-A472-D71143F3A16D}"
EndProject
Project("{FAE04EC0-301F-11D3-BF4B-00C04F79EFBC}") = "Starwatch.Core.Tests", "Starwatch.Core.Tests\Starwatch.Core.Tests.csproj", "{1B94C75B-6DD0-4CA1-9441-3E056321A708}"
EndProject
Global
	GlobalSection(SolutionConfigurationPlatforms) = preSolution
		Debug|Any CPU = Debug|Any CPU
		Release|Any CPU = Release|Any CPU
	EndGlobalSection
	GlobalSection(ProjectConfigurationPlatforms) = postSolution
		{DB510F70-84E8-420B-8C5F-1AE33C9942DD}.Debug|Any CPU.ActiveCfg = Debug|Any CPU
		{DB510F70-84E8-420B-8C5F-1AE33C9942DD}.Debug|Any CPU.Build.0 = Debug|Any CPU
		{DB510F70-84E8-420B-8C5F-1AE33C9942DD}.Release|Any CPU.ActiveCfg = Release|Any CPU
		{DB510F70-84E8-420B-8C5F-1AE33C9942DD}.Release|Any CPU.Build.0 = Release|Any CPU
		{58FCB696-1DE3-421F-A472-D71143F3A16D}.Debug|Any CPU.ActiveCfg = Debug|Any CPU
		{58FCB696-1DE3-421F-A472-D71143F3A16D}.Debug|Any CPU.Build.0 = Debug|Any CPU
		{58FCB696-1DE3-421F-A472-D71143F3A16D}.Release|Any CPU.ActiveCfg = Release|Any CPU
		{58FCB696-1DE3-421F-A472-D71143F3A16D}.Release|Any CPU.Build.0 = Release|Any CPU
		{1B94C75B-6DD0-4CA1-9441-3E056321A708}.Debug|Any CPU.ActiveCfg = Debug|Any CPU
		{1B94C75B-6DD0-4CA1-9441-3E056321A708}.Debug|Any CPU.Build.0 = Debug|Any CPU
		{1B94C75B-6DD0-4CA1-9441-3E056321A708}.Release|Any CPU.ActiveCfg = Release|Any CPU
		{1B94C75B-6DD0-4CA1-9441-3E056321A708}.Release|Any CPU.Build.0 = Release|Any CPU
	EndGlobalSection
	GlobalSection(SolutionProperties) = preSolution
		HideSolutionNode = FALSE
	EndGlobalSection
	GlobalSection(ExtensibilityGlobals) = postSolution
		SolutionGuid = {0FC44B55-CBBA-45F9-973B-17A089A78469}
	EndGlobalSection
EndGlobal
